
Microsoft Visual Studio Solution File, Format Version 12.00
# Visual Studio 14
VisualStudioVersion = 14.0.24720.0
MinimumVisualStudioVersion = 10.0.40219.1
Project("{FAE04EC0-301F-11D3-BF4B-00C04F79EFBC}") = "AkkaNet", "akka-net\AkkaNet.csproj", "{0BCBD70F-9E3E-451A-A104-25490F393F5C}"
EndProject
Project("{FAE04EC0-301F-11D3-BF4B-00C04F79EFBC}") = "Tests", "tests\Tests.csproj", "{1D32756A-F043-49B4-A630-6232AB6F21F9}"
EndProject
Project("{FAE04EC0-301F-11D3-BF4B-00C04F79EFBC}") = "Common", "common\Common.csproj", "{8DA0668F-05D6-454D-B146-C1EA1614776F}"
EndProject
Project("{2150E333-8FDC-42A3-9474-1A3956D46DE8}") = "Orleans", "Orleans", "{FFBAC0DA-068A-4ADA-BE68-80EB78C78875}"
EndProject
Project("{FAE04EC0-301F-11D3-BF4B-00C04F79EFBC}") = "Client", "orleans\Client\Client.csproj", "{9C338861-42FF-4D28-AC3D-9B944824EB2C}"
EndProject
Project("{FAE04EC0-301F-11D3-BF4B-00C04F79EFBC}") = "Grains", "orleans\Grains\Grains.csproj", "{B3449AC6-9941-4A7A-B975-CF56CF800514}"
EndProject
Project("{FAE04EC0-301F-11D3-BF4B-00C04F79EFBC}") = "GrainInterfaces", "orleans\GrainInterfaces\GrainInterfaces.csproj", "{5568B800-A2DE-4250-97F7-8119726670FD}"
EndProject
Project("{FAE04EC0-301F-11D3-BF4B-00C04F79EFBC}") = "Silo", "Silo\Silo.csproj", "{00E815DD-6A3E-4E1C-BE03-0A40ACF28A85}"
EndProject
Global
	GlobalSection(SolutionConfigurationPlatforms) = preSolution
		Debug|Any CPU = Debug|Any CPU
		Release|Any CPU = Release|Any CPU
	EndGlobalSection
	GlobalSection(ProjectConfigurationPlatforms) = postSolution
		{0BCBD70F-9E3E-451A-A104-25490F393F5C}.Debug|Any CPU.ActiveCfg = Debug|Any CPU
		{0BCBD70F-9E3E-451A-A104-25490F393F5C}.Debug|Any CPU.Build.0 = Debug|Any CPU
		{0BCBD70F-9E3E-451A-A104-25490F393F5C}.Release|Any CPU.ActiveCfg = Release|Any CPU
		{0BCBD70F-9E3E-451A-A104-25490F393F5C}.Release|Any CPU.Build.0 = Release|Any CPU
		{1D32756A-F043-49B4-A630-6232AB6F21F9}.Debug|Any CPU.ActiveCfg = Debug|Any CPU
		{1D32756A-F043-49B4-A630-6232AB6F21F9}.Debug|Any CPU.Build.0 = Debug|Any CPU
		{1D32756A-F043-49B4-A630-6232AB6F21F9}.Release|Any CPU.ActiveCfg = Release|Any CPU
		{1D32756A-F043-49B4-A630-6232AB6F21F9}.Release|Any CPU.Build.0 = Release|Any CPU
		{8DA0668F-05D6-454D-B146-C1EA1614776F}.Debug|Any CPU.ActiveCfg = Debug|Any CPU
		{8DA0668F-05D6-454D-B146-C1EA1614776F}.Debug|Any CPU.Build.0 = Debug|Any CPU
		{8DA0668F-05D6-454D-B146-C1EA1614776F}.Release|Any CPU.ActiveCfg = Release|Any CPU
		{8DA0668F-05D6-454D-B146-C1EA1614776F}.Release|Any CPU.Build.0 = Release|Any CPU
		{9C338861-42FF-4D28-AC3D-9B944824EB2C}.Debug|Any CPU.ActiveCfg = Debug|Any CPU
		{9C338861-42FF-4D28-AC3D-9B944824EB2C}.Debug|Any CPU.Build.0 = Debug|Any CPU
		{9C338861-42FF-4D28-AC3D-9B944824EB2C}.Release|Any CPU.ActiveCfg = Release|Any CPU
		{9C338861-42FF-4D28-AC3D-9B944824EB2C}.Release|Any CPU.Build.0 = Release|Any CPU
		{B3449AC6-9941-4A7A-B975-CF56CF800514}.Debug|Any CPU.ActiveCfg = Debug|Any CPU
		{B3449AC6-9941-4A7A-B975-CF56CF800514}.Debug|Any CPU.Build.0 = Debug|Any CPU
		{B3449AC6-9941-4A7A-B975-CF56CF800514}.Release|Any CPU.ActiveCfg = Release|Any CPU
		{B3449AC6-9941-4A7A-B975-CF56CF800514}.Release|Any CPU.Build.0 = Release|Any CPU
		{5568B800-A2DE-4250-97F7-8119726670FD}.Debug|Any CPU.ActiveCfg = Debug|Any CPU
		{5568B800-A2DE-4250-97F7-8119726670FD}.Debug|Any CPU.Build.0 = Debug|Any CPU
		{5568B800-A2DE-4250-97F7-8119726670FD}.Release|Any CPU.ActiveCfg = Release|Any CPU
		{5568B800-A2DE-4250-97F7-8119726670FD}.Release|Any CPU.Build.0 = Release|Any CPU
		{00E815DD-6A3E-4E1C-BE03-0A40ACF28A85}.Debug|Any CPU.ActiveCfg = Debug|Any CPU
		{00E815DD-6A3E-4E1C-BE03-0A40ACF28A85}.Debug|Any CPU.Build.0 = Debug|Any CPU
		{00E815DD-6A3E-4E1C-BE03-0A40ACF28A85}.Release|Any CPU.ActiveCfg = Release|Any CPU
		{00E815DD-6A3E-4E1C-BE03-0A40ACF28A85}.Release|Any CPU.Build.0 = Release|Any CPU
	EndGlobalSection
	GlobalSection(SolutionProperties) = preSolution
		HideSolutionNode = FALSE
	EndGlobalSection
	GlobalSection(NestedProjects) = preSolution
		{9C338861-42FF-4D28-AC3D-9B944824EB2C} = {FFBAC0DA-068A-4ADA-BE68-80EB78C78875}
		{B3449AC6-9941-4A7A-B975-CF56CF800514} = {FFBAC0DA-068A-4ADA-BE68-80EB78C78875}
		{5568B800-A2DE-4250-97F7-8119726670FD} = {FFBAC0DA-068A-4ADA-BE68-80EB78C78875}
		{00E815DD-6A3E-4E1C-BE03-0A40ACF28A85} = {FFBAC0DA-068A-4ADA-BE68-80EB78C78875}
	EndGlobalSection
EndGlobal
